
Microsoft Visual Studio Solution File, Format Version 12.00
# Visual Studio 15
Project("{FAE04EC0-301F-11D3-BF4B-00C04F79EFBC}") = "SuperTiled2Unity", "SuperTiled2Unity.csproj", "{8EB448D4-FFD7-4047-7DCA-058C0DE6CCFB}"
EndProject
Project("{FAE04EC0-301F-11D3-BF4B-00C04F79EFBC}") = "Assembly-CSharp", "Assembly-CSharp.csproj", "{D250A44B-5133-9D2C-10AF-55B48ECB0EC7}"
EndProject
Project("{FAE04EC0-301F-11D3-BF4B-00C04F79EFBC}") = "SuperTiled2UnityEditor", "SuperTiled2UnityEditor.csproj", "{CDF77553-FA5A-E64F-AA8A-EAB82C2C2EB0}"
EndProject
Global
	GlobalSection(SolutionConfigurationPlatforms) = preSolution
		Debug|Any CPU = Debug|Any CPU
		Release|Any CPU = Release|Any CPU
	EndGlobalSection
	GlobalSection(ProjectConfigurationPlatforms) = postSolution
		{8EB448D4-FFD7-4047-7DCA-058C0DE6CCFB}.Debug|Any CPU.ActiveCfg = Debug|Any CPU
		{8EB448D4-FFD7-4047-7DCA-058C0DE6CCFB}.Debug|Any CPU.Build.0 = Debug|Any CPU
		{8EB448D4-FFD7-4047-7DCA-058C0DE6CCFB}.Release|Any CPU.ActiveCfg = Release|Any CPU
		{8EB448D4-FFD7-4047-7DCA-058C0DE6CCFB}.Release|Any CPU.Build.0 = Release|Any CPU
		{D250A44B-5133-9D2C-10AF-55B48ECB0EC7}.Debug|Any CPU.ActiveCfg = Debug|Any CPU
		{D250A44B-5133-9D2C-10AF-55B48ECB0EC7}.Debug|Any CPU.Build.0 = Debug|Any CPU
		{D250A44B-5133-9D2C-10AF-55B48ECB0EC7}.Release|Any CPU.ActiveCfg = Release|Any CPU
		{D250A44B-5133-9D2C-10AF-55B48ECB0EC7}.Release|Any CPU.Build.0 = Release|Any CPU
		{CDF77553-FA5A-E64F-AA8A-EAB82C2C2EB0}.Debug|Any CPU.ActiveCfg = Debug|Any CPU
		{CDF77553-FA5A-E64F-AA8A-EAB82C2C2EB0}.Debug|Any CPU.Build.0 = Debug|Any CPU
		{CDF77553-FA5A-E64F-AA8A-EAB82C2C2EB0}.Release|Any CPU.ActiveCfg = Release|Any CPU
		{CDF77553-FA5A-E64F-AA8A-EAB82C2C2EB0}.Release|Any CPU.Build.0 = Release|Any CPU
	EndGlobalSection
	GlobalSection(SolutionProperties) = preSolution
		HideSolutionNode = FALSE
	EndGlobalSection
EndGlobal
